
Microsoft Visual Studio Solution File, Format Version 12.00
# Visual Studio Version 17
VisualStudioVersion = 17.4.33213.308
MinimumVisualStudioVersion = 10.0.40219.1
Project("{FAE04EC0-301F-11D3-BF4B-00C04F79EFBC}") = "Personel_Kayıt", "Personel_Kayıt\Personel_Kayıt.csproj", "{1FB2EDBF-8564-48B8-90BB-46EF69FC6642}"
EndProject
Global
	GlobalSection(SolutionConfigurationPlatforms) = preSolution
		Debug|Any CPU = Debug|Any CPU
		Release|Any CPU = Release|Any CPU
	EndGlobalSection
	GlobalSection(ProjectConfigurationPlatforms) = postSolution
		{1FB2EDBF-8564-48B8-90BB-46EF69FC6642}.Debug|Any CPU.ActiveCfg = Debug|Any CPU
		{1FB2EDBF-8564-48B8-90BB-46EF69FC6642}.Debug|Any CPU.Build.0 = Debug|Any CPU
		{1FB2EDBF-8564-48B8-90BB-46EF69FC6642}.Release|Any CPU.ActiveCfg = Release|Any CPU
		{1FB2EDBF-8564-48B8-90BB-46EF69FC6642}.Release|Any CPU.Build.0 = Release|Any CPU
	EndGlobalSection
	GlobalSection(SolutionProperties) = preSolution
		HideSolutionNode = FALSE
	EndGlobalSection
	GlobalSection(ExtensibilityGlobals) = postSolution
		SolutionGuid = {C38D71C5-E4C9-4DF5-9219-DD98E96B71D8}
	EndGlobalSection
EndGlobal
